// !$*UTF8*$!
{
	archiveVersion = 1;
	classes = {
	};
	objectVersion = 50;
	objects = {

/* Begin PBXBuildFile section */
		227CBFAD23BDE24700FA7004 /* AppDelegate.swift in Sources */ = {isa = PBXBuildFile; fileRef = 227CBFAC23BDE24700FA7004 /* AppDelegate.swift */; };
		227CBFAF23BDE24700FA7004 /* ViewController.swift in Sources */ = {isa = PBXBuildFile; fileRef = 227CBFAE23BDE24700FA7004 /* ViewController.swift */; };
		227CBFB223BDE24700FA7004 /* Main.storyboard in Resources */ = {isa = PBXBuildFile; fileRef = 227CBFB023BDE24700FA7004 /* Main.storyboard */; };
		227CBFB423BDE24A00FA7004 /* Assets.xcassets in Resources */ = {isa = PBXBuildFile; fileRef = 227CBFB323BDE24A00FA7004 /* Assets.xcassets */; };
		227CBFB723BDE24A00FA7004 /* LaunchScreen.storyboard in Resources */ = {isa = PBXBuildFile; fileRef = 227CBFB523BDE24A00FA7004 /* LaunchScreen.storyboard */; };
		227CC00C23BDF47E00FA7004 /* DesignableUITextField.swift in Sources */ = {isa = PBXBuildFile; fileRef = 227CC00823BDF47D00FA7004 /* DesignableUITextField.swift */; };
		227CC00D23BDF47E00FA7004 /* DesignableUIImage.swift in Sources */ = {isa = PBXBuildFile; fileRef = 227CC00923BDF47D00FA7004 /* DesignableUIImage.swift */; };
		227CC00E23BDF47E00FA7004 /* DesignableUIView.swift in Sources */ = {isa = PBXBuildFile; fileRef = 227CC00A23BDF47D00FA7004 /* DesignableUIView.swift */; };
		227CC00F23BDF47E00FA7004 /* DesignableUIButton.swift in Sources */ = {isa = PBXBuildFile; fileRef = 227CC00B23BDF47E00FA7004 /* DesignableUIButton.swift */; };
		227CC01123BDF4D700FA7004 /* Constants.swift in Sources */ = {isa = PBXBuildFile; fileRef = 227CC01023BDF4D700FA7004 /* Constants.swift */; };
/* End PBXBuildFile section */

/* Begin PBXFileReference section */
		227CBFA923BDE24700FA7004 /* Medec.app */ = {isa = PBXFileReference; explicitFileType = wrapper.application; includeInIndex = 0; path = Medec.app; sourceTree = BUILT_PRODUCTS_DIR; };
		227CBFAC23BDE24700FA7004 /* AppDelegate.swift */ = {isa = PBXFileReference; lastKnownFileType = sourcecode.swift; path = AppDelegate.swift; sourceTree = "<group>"; };
		227CBFAE23BDE24700FA7004 /* ViewController.swift */ = {isa = PBXFileReference; lastKnownFileType = sourcecode.swift; path = ViewController.swift; sourceTree = "<group>"; };
		227CBFB123BDE24700FA7004 /* Base */ = {isa = PBXFileReference; lastKnownFileType = file.storyboard; name = Base; path = Base.lproj/Main.storyboard; sourceTree = "<group>"; };
		227CBFB323BDE24A00FA7004 /* Assets.xcassets */ = {isa = PBXFileReference; lastKnownFileType = folder.assetcatalog; path = Assets.xcassets; sourceTree = "<group>"; };
		227CBFB623BDE24A00FA7004 /* Base */ = {isa = PBXFileReference; lastKnownFileType = file.storyboard; name = Base; path = Base.lproj/LaunchScreen.storyboard; sourceTree = "<group>"; };
		227CBFB823BDE24A00FA7004 /* Info.plist */ = {isa = PBXFileReference; lastKnownFileType = text.plist.xml; path = Info.plist; sourceTree = "<group>"; };
		227CBFF223BDECCC00FA7004 /* Poppins-Thin.ttf */ = {isa = PBXFileReference; lastKnownFileType = file; path = "Poppins-Thin.ttf"; sourceTree = "<group>"; };
		227CBFF323BDECCC00FA7004 /* Gilroy-Light.ttf */ = {isa = PBXFileReference; lastKnownFileType = file; path = "Gilroy-Light.ttf"; sourceTree = "<group>"; };
		227CBFF423BDECCD00FA7004 /* Gilroy-Bold.ttf */ = {isa = PBXFileReference; lastKnownFileType = file; path = "Gilroy-Bold.ttf"; sourceTree = "<group>"; };
		227CBFF523BDECCD00FA7004 /* Gilroy-Regular.ttf */ = {isa = PBXFileReference; lastKnownFileType = file; path = "Gilroy-Regular.ttf"; sourceTree = "<group>"; };
		227CBFF623BDECCD00FA7004 /* Poppins-ExtraBoldItalic.ttf */ = {isa = PBXFileReference; lastKnownFileType = file; path = "Poppins-ExtraBoldItalic.ttf"; sourceTree = "<group>"; };
		227CBFF723BDECCE00FA7004 /* Poppins-Italic.ttf */ = {isa = PBXFileReference; lastKnownFileType = file; path = "Poppins-Italic.ttf"; sourceTree = "<group>"; };
		227CBFF823BDECCE00FA7004 /* Poppins-Bold.ttf */ = {isa = PBXFileReference; lastKnownFileType = file; path = "Poppins-Bold.ttf"; sourceTree = "<group>"; };
		227CBFF923BDECCE00FA7004 /* Gilroy-Medium.ttf */ = {isa = PBXFileReference; lastKnownFileType = file; path = "Gilroy-Medium.ttf"; sourceTree = "<group>"; };
		227CBFFA23BDECCE00FA7004 /* Poppins-MediumItalic.ttf */ = {isa = PBXFileReference; lastKnownFileType = file; path = "Poppins-MediumItalic.ttf"; sourceTree = "<group>"; };
		227CBFFB23BDECCE00FA7004 /* Gilroy-Heavy.ttf */ = {isa = PBXFileReference; lastKnownFileType = file; path = "Gilroy-Heavy.ttf"; sourceTree = "<group>"; };
		227CBFFC23BDECCF00FA7004 /* Poppins-BlackItalic.ttf */ = {isa = PBXFileReference; lastKnownFileType = file; path = "Poppins-BlackItalic.ttf"; sourceTree = "<group>"; };
		227CBFFD23BDECCF00FA7004 /* Poppins-ThinItalic.ttf */ = {isa = PBXFileReference; lastKnownFileType = file; path = "Poppins-ThinItalic.ttf"; sourceTree = "<group>"; };
		227CBFFE23BDECCF00FA7004 /* Poppins-ExtraBold.ttf */ = {isa = PBXFileReference; lastKnownFileType = file; path = "Poppins-ExtraBold.ttf"; sourceTree = "<group>"; };
		227CBFFF23BDECD000FA7004 /* Poppins-ExtraLight.ttf */ = {isa = PBXFileReference; lastKnownFileType = file; path = "Poppins-ExtraLight.ttf"; sourceTree = "<group>"; };
		227CC00023BDECD000FA7004 /* Poppins-LightItalic.ttf */ = {isa = PBXFileReference; lastKnownFileType = file; path = "Poppins-LightItalic.ttf"; sourceTree = "<group>"; };
		227CC00123BDECD000FA7004 /* Poppins-Medium.ttf */ = {isa = PBXFileReference; lastKnownFileType = file; path = "Poppins-Medium.ttf"; sourceTree = "<group>"; };
		227CC00223BDECD000FA7004 /* Poppins-Black.ttf */ = {isa = PBXFileReference; lastKnownFileType = file; path = "Poppins-Black.ttf"; sourceTree = "<group>"; };
		227CC00323BDECD100FA7004 /* Poppins-Light.ttf */ = {isa = PBXFileReference; lastKnownFileType = file; path = "Poppins-Light.ttf"; sourceTree = "<group>"; };
		227CC00423BDECD100FA7004 /* Poppins-SemiBold.ttf */ = {isa = PBXFileReference; lastKnownFileType = file; path = "Poppins-SemiBold.ttf"; sourceTree = "<group>"; };
		227CC00523BDECD100FA7004 /* Poppins-BoldItalic.ttf */ = {isa = PBXFileReference; lastKnownFileType = file; path = "Poppins-BoldItalic.ttf"; sourceTree = "<group>"; };
		227CC00623BDECD200FA7004 /* Poppins-ExtraLightItalic.ttf */ = {isa = PBXFileReference; lastKnownFileType = file; path = "Poppins-ExtraLightItalic.ttf"; sourceTree = "<group>"; };
		227CC00723BDECD200FA7004 /* Poppins-SemiBoldItalic.ttf */ = {isa = PBXFileReference; lastKnownFileType = file; path = "Poppins-SemiBoldItalic.ttf"; sourceTree = "<group>"; };
		227CC00823BDF47D00FA7004 /* DesignableUITextField.swift */ = {isa = PBXFileReference; fileEncoding = 4; lastKnownFileType = sourcecode.swift; path = DesignableUITextField.swift; sourceTree = "<group>"; };
		227CC00923BDF47D00FA7004 /* DesignableUIImage.swift */ = {isa = PBXFileReference; fileEncoding = 4; lastKnownFileType = sourcecode.swift; path = DesignableUIImage.swift; sourceTree = "<group>"; };
		227CC00A23BDF47D00FA7004 /* DesignableUIView.swift */ = {isa = PBXFileReference; fileEncoding = 4; lastKnownFileType = sourcecode.swift; path = DesignableUIView.swift; sourceTree = "<group>"; };
		227CC00B23BDF47E00FA7004 /* DesignableUIButton.swift */ = {isa = PBXFileReference; fileEncoding = 4; lastKnownFileType = sourcecode.swift; path = DesignableUIButton.swift; sourceTree = "<group>"; };
		227CC01023BDF4D700FA7004 /* Constants.swift */ = {isa = PBXFileReference; fileEncoding = 4; lastKnownFileType = sourcecode.swift; path = Constants.swift; sourceTree = "<group>"; };
/* End PBXFileReference section */

/* Begin PBXFrameworksBuildPhase section */
		227CBFA623BDE24700FA7004 /* Frameworks */ = {
			isa = PBXFrameworksBuildPhase;
			buildActionMask = 2147483647;
			files = (
			);
			runOnlyForDeploymentPostprocessing = 0;
		};
/* End PBXFrameworksBuildPhase section */

/* Begin PBXGroup section */
		227CBFA023BDE24700FA7004 = {
			isa = PBXGroup;
			children = (
				227CBFAB23BDE24700FA7004 /* Medec */,
				227CBFAA23BDE24700FA7004 /* Products */,
			);
			sourceTree = "<group>";
		};
		227CBFAA23BDE24700FA7004 /* Products */ = {
			isa = PBXGroup;
			children = (
				227CBFA923BDE24700FA7004 /* Medec.app */,
			);
			name = Products;
			sourceTree = "<group>";
		};
		227CBFAB23BDE24700FA7004 /* Medec */ = {
			isa = PBXGroup;
			children = (
				227CBFC723BDEB8000FA7004 /* Core */,
				227CBFBF23BDE70A00FA7004 /* Libraries */,
				227CBFAC23BDE24700FA7004 /* AppDelegate.swift */,
				227CBFAE23BDE24700FA7004 /* ViewController.swift */,
				227CBFB023BDE24700FA7004 /* Main.storyboard */,
				227CBFB323BDE24A00FA7004 /* Assets.xcassets */,
				227CBFB523BDE24A00FA7004 /* LaunchScreen.storyboard */,
				227CBFB823BDE24A00FA7004 /* Info.plist */,
			);
			path = Medec;
			sourceTree = "<group>";
		};
		227CBFBF23BDE70A00FA7004 /* Libraries */ = {
			isa = PBXGroup;
			children = (
				227CBFC923BDEB9E00FA7004 /* IBDesignables */,
				227CBFC823BDEB9000FA7004 /* Fonts */,
			);
			path = Libraries;
			sourceTree = "<group>";
		};
		227CBFC723BDEB8000FA7004 /* Core */ = {
			isa = PBXGroup;
			children = (
				227CC01023BDF4D700FA7004 /* Constants.swift */,
			);
			path = Core;
			sourceTree = "<group>";
		};
		227CBFC823BDEB9000FA7004 /* Fonts */ = {
			isa = PBXGroup;
			children = (
				227CBFF423BDECCD00FA7004 /* Gilroy-Bold.ttf */,
				227CBFFB23BDECCE00FA7004 /* Gilroy-Heavy.ttf */,
				227CBFF323BDECCC00FA7004 /* Gilroy-Light.ttf */,
				227CBFF923BDECCE00FA7004 /* Gilroy-Medium.ttf */,
				227CBFF523BDECCD00FA7004 /* Gilroy-Regular.ttf */,
				227CC00223BDECD000FA7004 /* Poppins-Black.ttf */,
				227CBFFC23BDECCF00FA7004 /* Poppins-BlackItalic.ttf */,
				227CBFF823BDECCE00FA7004 /* Poppins-Bold.ttf */,
				227CC00523BDECD100FA7004 /* Poppins-BoldItalic.ttf */,
				227CBFFE23BDECCF00FA7004 /* Poppins-ExtraBold.ttf */,
				227CBFF623BDECCD00FA7004 /* Poppins-ExtraBoldItalic.ttf */,
				227CBFFF23BDECD000FA7004 /* Poppins-ExtraLight.ttf */,
				227CC00623BDECD200FA7004 /* Poppins-ExtraLightItalic.ttf */,
				227CBFF723BDECCE00FA7004 /* Poppins-Italic.ttf */,
				227CC00323BDECD100FA7004 /* Poppins-Light.ttf */,
				227CC00023BDECD000FA7004 /* Poppins-LightItalic.ttf */,
				227CC00123BDECD000FA7004 /* Poppins-Medium.ttf */,
				227CBFFA23BDECCE00FA7004 /* Poppins-MediumItalic.ttf */,
				227CC00423BDECD100FA7004 /* Poppins-SemiBold.ttf */,
				227CC00723BDECD200FA7004 /* Poppins-SemiBoldItalic.ttf */,
				227CBFF223BDECCC00FA7004 /* Poppins-Thin.ttf */,
				227CBFFD23BDECCF00FA7004 /* Poppins-ThinItalic.ttf */,
			);
			path = Fonts;
			sourceTree = "<group>";
		};
		227CBFC923BDEB9E00FA7004 /* IBDesignables */ = {
			isa = PBXGroup;
			children = (
				227CC00B23BDF47E00FA7004 /* DesignableUIButton.swift */,
				227CC00923BDF47D00FA7004 /* DesignableUIImage.swift */,
				227CC00823BDF47D00FA7004 /* DesignableUITextField.swift */,
				227CC00A23BDF47D00FA7004 /* DesignableUIView.swift */,
			);
			path = IBDesignables;
			sourceTree = "<group>";
		};
/* End PBXGroup section */

/* Begin PBXNativeTarget section */
		227CBFA823BDE24700FA7004 /* Medec */ = {
			isa = PBXNativeTarget;
			buildConfigurationList = 227CBFBB23BDE24A00FA7004 /* Build configuration list for PBXNativeTarget "Medec" */;
			buildPhases = (
				227CBFA523BDE24700FA7004 /* Sources */,
				227CBFA623BDE24700FA7004 /* Frameworks */,
				227CBFA723BDE24700FA7004 /* Resources */,
			);
			buildRules = (
			);
			dependencies = (
			);
			name = Medec;
			productName = Medec;
			productReference = 227CBFA923BDE24700FA7004 /* Medec.app */;
			productType = "com.apple.product-type.application";
		};
/* End PBXNativeTarget section */

/* Begin PBXProject section */
		227CBFA123BDE24700FA7004 /* Project object */ = {
			isa = PBXProject;
			attributes = {
				LastSwiftUpdateCheck = 1010;
				LastUpgradeCheck = 1010;
				ORGANIZATIONNAME = medInnovation;
				TargetAttributes = {
					227CBFA823BDE24700FA7004 = {
						CreatedOnToolsVersion = 10.1;
					};
				};
			};
			buildConfigurationList = 227CBFA423BDE24700FA7004 /* Build configuration list for PBXProject "Medec" */;
			compatibilityVersion = "Xcode 9.3";
			developmentRegion = en;
			hasScannedForEncodings = 0;
			knownRegions = (
				en,
				Base,
			);
			mainGroup = 227CBFA023BDE24700FA7004;
			productRefGroup = 227CBFAA23BDE24700FA7004 /* Products */;
			projectDirPath = "";
			projectRoot = "";
			targets = (
				227CBFA823BDE24700FA7004 /* Medec */,
			);
		};
/* End PBXProject section */

/* Begin PBXResourcesBuildPhase section */
		227CBFA723BDE24700FA7004 /* Resources */ = {
			isa = PBXResourcesBuildPhase;
			buildActionMask = 2147483647;
			files = (
				227CBFB723BDE24A00FA7004 /* LaunchScreen.storyboard in Resources */,
				227CBFB423BDE24A00FA7004 /* Assets.xcassets in Resources */,
				227CBFB223BDE24700FA7004 /* Main.storyboard in Resources */,
			);
			runOnlyForDeploymentPostprocessing = 0;
		};
/* End PBXResourcesBuildPhase section */

/* Begin PBXSourcesBuildPhase section */
		227CBFA523BDE24700FA7004 /* Sources */ = {
			isa = PBXSourcesBuildPhase;
			buildActionMask = 2147483647;
			files = (
				227CC00E23BDF47E00FA7004 /* DesignableUIView.swift in Sources */,
				227CC00F23BDF47E00FA7004 /* DesignableUIButton.swift in Sources */,
				227CC00C23BDF47E00FA7004 /* DesignableUITextField.swift in Sources */,
				227CC00D23BDF47E00FA7004 /* DesignableUIImage.swift in Sources */,
				227CC01123BDF4D700FA7004 /* Constants.swift in Sources */,
				227CBFAF23BDE24700FA7004 /* ViewController.swift in Sources */,
				227CBFAD23BDE24700FA7004 /* AppDelegate.swift in Sources */,
			);
			runOnlyForDeploymentPostprocessing = 0;
		};
/* End PBXSourcesBuildPhase section */

/* Begin PBXVariantGroup section */
		227CBFB023BDE24700FA7004 /* Main.storyboard */ = {
			isa = PBXVariantGroup;
			children = (
				227CBFB123BDE24700FA7004 /* Base */,
			);
			name = Main.storyboard;
			sourceTree = "<group>";
		};
		227CBFB523BDE24A00FA7004 /* LaunchScreen.storyboard */ = {
			isa = PBXVariantGroup;
			children = (
				227CBFB623BDE24A00FA7004 /* Base */,
			);
			name = LaunchScreen.storyboard;
			sourceTree = "<group>";
		};
/* End PBXVariantGroup section */

/* Begin XCBuildConfiguration section */
		227CBFB923BDE24A00FA7004 /* Debug */ = {
			isa = XCBuildConfiguration;
			buildSettings = {
				ALWAYS_SEARCH_USER_PATHS = NO;
				CLANG_ANALYZER_NONNULL = YES;
				CLANG_ANALYZER_NUMBER_OBJECT_CONVERSION = YES_AGGRESSIVE;
				CLANG_CXX_LANGUAGE_STANDARD = "gnu++14";
				CLANG_CXX_LIBRARY = "libc++";
				CLANG_ENABLE_MODULES = YES;
				CLANG_ENABLE_OBJC_ARC = YES;
				CLANG_ENABLE_OBJC_WEAK = YES;
				CLANG_WARN_BLOCK_CAPTURE_AUTORELEASING = YES;
				CLANG_WARN_BOOL_CONVERSION = YES;
				CLANG_WARN_COMMA = YES;
				CLANG_WARN_CONSTANT_CONVERSION = YES;
				CLANG_WARN_DEPRECATED_OBJC_IMPLEMENTATIONS = YES;
				CLANG_WARN_DIRECT_OBJC_ISA_USAGE = YES_ERROR;
				CLANG_WARN_DOCUMENTATION_COMMENTS = YES;
				CLANG_WARN_EMPTY_BODY = YES;
				CLANG_WARN_ENUM_CONVERSION = YES;
				CLANG_WARN_INFINITE_RECURSION = YES;
				CLANG_WARN_INT_CONVERSION = YES;
				CLANG_WARN_NON_LITERAL_NULL_CONVERSION = YES;
				CLANG_WARN_OBJC_IMPLICIT_RETAIN_SELF = YES;
				CLANG_WARN_OBJC_LITERAL_CONVERSION = YES;
				CLANG_WARN_OBJC_ROOT_CLASS = YES_ERROR;
				CLANG_WARN_RANGE_LOOP_ANALYSIS = YES;
				CLANG_WARN_STRICT_PROTOTYPES = YES;
				CLANG_WARN_SUSPICIOUS_MOVE = YES;
				CLANG_WARN_UNGUARDED_AVAILABILITY = YES_AGGRESSIVE;
				CLANG_WARN_UNREACHABLE_CODE = YES;
				CLANG_WARN__DUPLICATE_METHOD_MATCH = YES;
				CODE_SIGN_IDENTITY = "iPhone Developer";
				COPY_PHASE_STRIP = NO;
				DEBUG_INFORMATION_FORMAT = dwarf;
				ENABLE_STRICT_OBJC_MSGSEND = YES;
				ENABLE_TESTABILITY = YES;
				GCC_C_LANGUAGE_STANDARD = gnu11;
				GCC_DYNAMIC_NO_PIC = NO;
				GCC_NO_COMMON_BLOCKS = YES;
				GCC_OPTIMIZATION_LEVEL = 0;
				GCC_PREPROCESSOR_DEFINITIONS = (
					"DEBUG=1",
					"$(inherited)",
				);
				GCC_WARN_64_TO_32_BIT_CONVERSION = YES;
				GCC_WARN_ABOUT_RETURN_TYPE = YES_ERROR;
				GCC_WARN_UNDECLARED_SELECTOR = YES;
				GCC_WARN_UNINITIALIZED_AUTOS = YES_AGGRESSIVE;
				GCC_WARN_UNUSED_FUNCTION = YES;
				GCC_WARN_UNUSED_VARIABLE = YES;
				IPHONEOS_DEPLOYMENT_TARGET = 12.1;
				MTL_ENABLE_DEBUG_INFO = INCLUDE_SOURCE;
				MTL_FAST_MATH = YES;
				ONLY_ACTIVE_ARCH = YES;
				SDKROOT = iphoneos;
				SWIFT_ACTIVE_COMPILATION_CONDITIONS = DEBUG;
				SWIFT_OPTIMIZATION_LEVEL = "-Onone";
			};
			name = Debug;
		};
		227CBFBA23BDE24A00FA7004 /* Release */ = {
			isa = XCBuildConfiguration;
			buildSettings = {
				ALWAYS_SEARCH_USER_PATHS = NO;
				CLANG_ANALYZER_NONNULL = YES;
				CLANG_ANALYZER_NUMBER_OBJECT_CONVERSION = YES_AGGRESSIVE;
				CLANG_CXX_LANGUAGE_STANDARD = "gnu++14";
				CLANG_CXX_LIBRARY = "libc++";
				CLANG_ENABLE_MODULES = YES;
				CLANG_ENABLE_OBJC_ARC = YES;
				CLANG_ENABLE_OBJC_WEAK = YES;
				CLANG_WARN_BLOCK_CAPTURE_AUTORELEASING = YES;
				CLANG_WARN_BOOL_CONVERSION = YES;
				CLANG_WARN_COMMA = YES;
				CLANG_WARN_CONSTANT_CONVERSION = YES;
				CLANG_WARN_DEPRECATED_OBJC_IMPLEMENTATIONS = YES;
				CLANG_WARN_DIRECT_OBJC_ISA_USAGE = YES_ERROR;
				CLANG_WARN_DOCUMENTATION_COMMENTS = YES;
				CLANG_WARN_EMPTY_BODY = YES;
				CLANG_WARN_ENUM_CONVERSION = YES;
				CLANG_WARN_INFINITE_RECURSION = YES;
				CLANG_WARN_INT_CONVERSION = YES;
				CLANG_WARN_NON_LITERAL_NULL_CONVERSION = YES;
				CLANG_WARN_OBJC_IMPLICIT_RETAIN_SELF = YES;
				CLANG_WARN_OBJC_LITERAL_CONVERSION = YES;
				CLANG_WARN_OBJC_ROOT_CLASS = YES_ERROR;
				CLANG_WARN_RANGE_LOOP_ANALYSIS = YES;
				CLANG_WARN_STRICT_PROTOTYPES = YES;
				CLANG_WARN_SUSPICIOUS_MOVE = YES;
				CLANG_WARN_UNGUARDED_AVAILABILITY = YES_AGGRESSIVE;
				CLANG_WARN_UNREACHABLE_CODE = YES;
				CLANG_WARN__DUPLICATE_METHOD_MATCH = YES;
				CODE_SIGN_IDENTITY = "iPhone Developer";
				COPY_PHASE_STRIP = NO;
				DEBUG_INFORMATION_FORMAT = "dwarf-with-dsym";
				ENABLE_NS_ASSERTIONS = NO;
				ENABLE_STRICT_OBJC_MSGSEND = YES;
				GCC_C_LANGUAGE_STANDARD = gnu11;
				GCC_NO_COMMON_BLOCKS = YES;
				GCC_WARN_64_TO_32_BIT_CONVERSION = YES;
				GCC_WARN_ABOUT_RETURN_TYPE = YES_ERROR;
				GCC_WARN_UNDECLARED_SELECTOR = YES;
				GCC_WARN_UNINITIALIZED_AUTOS = YES_AGGRESSIVE;
				GCC_WARN_UNUSED_FUNCTION = YES;
				GCC_WARN_UNUSED_VARIABLE = YES;
				IPHONEOS_DEPLOYMENT_TARGET = 12.1;
				MTL_ENABLE_DEBUG_INFO = NO;
				MTL_FAST_MATH = YES;
				SDKROOT = iphoneos;
				SWIFT_COMPILATION_MODE = wholemodule;
				SWIFT_OPTIMIZATION_LEVEL = "-O";
				VALIDATE_PRODUCT = YES;
			};
			name = Release;
		};
		227CBFBC23BDE24A00FA7004 /* Debug */ = {
			isa = XCBuildConfiguration;
			buildSettings = {
				ASSETCATALOG_COMPILER_APPICON_NAME = AppIcon;
				CODE_SIGN_STYLE = Automatic;
				INFOPLIST_FILE = Medec/Info.plist;
				LD_RUNPATH_SEARCH_PATHS = (
					"$(inherited)",
					"@executable_path/Frameworks",
				);
				PRODUCT_BUNDLE_IDENTIFIER = com.zelalem.Medec;
				PRODUCT_NAME = "$(TARGET_NAME)";
				SWIFT_VERSION = 4.2;
				TARGETED_DEVICE_FAMILY = "1,2";
			};
			name = Debug;
		};
		227CBFBD23BDE24A00FA7004 /* Release */ = {
			isa = XCBuildConfiguration;
			buildSettings = {
				ASSETCATALOG_COMPILER_APPICON_NAME = AppIcon;
				CODE_SIGN_STYLE = Automatic;
				INFOPLIST_FILE = Medec/Info.plist;
				LD_RUNPATH_SEARCH_PATHS = (
					"$(inherited)",
					"@executable_path/Frameworks",
				);
				PRODUCT_BUNDLE_IDENTIFIER = com.zelalem.Medec;
				PRODUCT_NAME = "$(TARGET_NAME)";
				SWIFT_VERSION = 4.2;
				TARGETED_DEVICE_FAMILY = "1,2";
			};
			name = Release;
		};
/* End XCBuildConfiguration section */

/* Begin XCConfigurationList section */
		227CBFA423BDE24700FA7004 /* Build configuration list for PBXProject "Medec" */ = {
			isa = XCConfigurationList;
			buildConfigurations = (
				227CBFB923BDE24A00FA7004 /* Debug */,
				227CBFBA23BDE24A00FA7004 /* Release */,
			);
			defaultConfigurationIsVisible = 0;
			defaultConfigurationName = Release;
		};
		227CBFBB23BDE24A00FA7004 /* Build configuration list for PBXNativeTarget "Medec" */ = {
			isa = XCConfigurationList;
			buildConfigurations = (
				227CBFBC23BDE24A00FA7004 /* Debug */,
				227CBFBD23BDE24A00FA7004 /* Release */,
			);
			defaultConfigurationIsVisible = 0;
			defaultConfigurationName = Release;
		};
/* End XCConfigurationList section */
	};
	rootObject = 227CBFA123BDE24700FA7004 /* Project object */;
}
